// !$*UTF8*$!
{
	archiveVersion = 1;
	classes = {
	};
	objectVersion = 46;
	objects = {

/* Begin PBXBuildFile section */
		18E4A15E1E59745C006D960F /* AppDelegate.swift in Sources */ = {isa = PBXBuildFile; fileRef = 18E4A15D1E59745C006D960F /* AppDelegate.swift */; };
		18E4A1601E59745C006D960F /* ViewController.swift in Sources */ = {isa = PBXBuildFile; fileRef = 18E4A15F1E59745C006D960F /* ViewController.swift */; };
		18E4A1631E59745C006D960F /* Main.storyboard in Resources */ = {isa = PBXBuildFile; fileRef = 18E4A1611E59745C006D960F /* Main.storyboard */; };
		18E4A1651E59745C006D960F /* Assets.xcassets in Resources */ = {isa = PBXBuildFile; fileRef = 18E4A1641E59745C006D960F /* Assets.xcassets */; };
		18E4A1681E59745C006D960F /* LaunchScreen.storyboard in Resources */ = {isa = PBXBuildFile; fileRef = 18E4A1661E59745C006D960F /* LaunchScreen.storyboard */; };
/* End PBXBuildFile section */

/* Begin PBXFileReference section */
		18E4A15A1E59745C006D960F /* MySearchApp.app */ = {isa = PBXFileReference; explicitFileType = wrapper.application; includeInIndex = 0; path = MySearchApp.app; sourceTree = BUILT_PRODUCTS_DIR; };
		18E4A15D1E59745C006D960F /* AppDelegate.swift */ = {isa = PBXFileReference; lastKnownFileType = sourcecode.swift; path = AppDelegate.swift; sourceTree = "<group>"; };
		18E4A15F1E59745C006D960F /* ViewController.swift */ = {isa = PBXFileReference; lastKnownFileType = sourcecode.swift; path = ViewController.swift; sourceTree = "<group>"; };
		18E4A1621E59745C006D960F /* Base */ = {isa = PBXFileReference; lastKnownFileType = file.storyboard; name = Base; path = Base.lproj/Main.storyboard; sourceTree = "<group>"; };
		18E4A1641E59745C006D960F /* Assets.xcassets */ = {isa = PBXFileReference; lastKnownFileType = folder.assetcatalog; path = Assets.xcassets; sourceTree = "<group>"; };
		18E4A1671E59745C006D960F /* Base */ = {isa = PBXFileReference; lastKnownFileType = file.storyboard; name = Base; path = Base.lproj/LaunchScreen.storyboard; sourceTree = "<group>"; };
		18E4A1691E59745C006D960F /* Info.plist */ = {isa = PBXFileReference; lastKnownFileType = text.plist.xml; path = Info.plist; sourceTree = "<group>"; };
/* End PBXFileReference section */

/* Begin PBXFrameworksBuildPhase section */
		18E4A1571E59745C006D960F /* Frameworks */ = {
			isa = PBXFrameworksBuildPhase;
			buildActionMask = 2147483647;
			files = (
			);
			runOnlyForDeploymentPostprocessing = 0;
		};
/* End PBXFrameworksBuildPhase section */

/* Begin PBXGroup section */
		18E4A1511E59745C006D960F = {
			isa = PBXGroup;
			children = (
				18E4A15C1E59745C006D960F /* MySearchApp */,
				18E4A15B1E59745C006D960F /* Products */,
			);
			sourceTree = "<group>";
		};
		18E4A15B1E59745C006D960F /* Products */ = {
			isa = PBXGroup;
			children = (
				18E4A15A1E59745C006D960F /* MySearchApp.app */,
			);
			name = Products;
			sourceTree = "<group>";
		};
		18E4A15C1E59745C006D960F /* MySearchApp */ = {
			isa = PBXGroup;
			children = (
				18E4A15D1E59745C006D960F /* AppDelegate.swift */,
				18E4A15F1E59745C006D960F /* ViewController.swift */,
				18E4A1611E59745C006D960F /* Main.storyboard */,
				18E4A1641E59745C006D960F /* Assets.xcassets */,
				18E4A1661E59745C006D960F /* LaunchScreen.storyboard */,
				18E4A1691E59745C006D960F /* Info.plist */,
			);
			path = MySearchApp;
			sourceTree = "<group>";
		};
/* End PBXGroup section */

/* Begin PBXNativeTarget section */
		18E4A1591E59745C006D960F /* MySearchApp */ = {
			isa = PBXNativeTarget;
			buildConfigurationList = 18E4A16C1E59745C006D960F /* Build configuration list for PBXNativeTarget "MySearchApp" */;
			buildPhases = (
				18E4A1561E59745C006D960F /* Sources */,
				18E4A1571E59745C006D960F /* Frameworks */,
				18E4A1581E59745C006D960F /* Resources */,
			);
			buildRules = (
			);
			dependencies = (
			);
			name = MySearchApp;
			productName = MySearchApp;
			productReference = 18E4A15A1E59745C006D960F /* MySearchApp.app */;
			productType = "com.apple.product-type.application";
		};
/* End PBXNativeTarget section */

/* Begin PBXProject section */
		18E4A1521E59745C006D960F /* Project object */ = {
			isa = PBXProject;
			attributes = {
				LastSwiftUpdateCheck = 0820;
				LastUpgradeCheck = 0820;
				ORGANIZATIONNAME = "Shintaro Takemura";
				TargetAttributes = {
					18E4A1591E59745C006D960F = {
						CreatedOnToolsVersion = 8.2.1;
						ProvisioningStyle = Automatic;
					};
				};
			};
			buildConfigurationList = 18E4A1551E59745C006D960F /* Build configuration list for PBXProject "MySearchApp" */;
			compatibilityVersion = "Xcode 3.2";
			developmentRegion = English;
			hasScannedForEncodings = 0;
			knownRegions = (
				en,
				Base,
			);
			mainGroup = 18E4A1511E59745C006D960F;
			productRefGroup = 18E4A15B1E59745C006D960F /* Products */;
			projectDirPath = "";
			projectRoot = "";
			targets = (
				18E4A1591E59745C006D960F /* MySearchApp */,
			);
		};
/* End PBXProject section */

/* Begin PBXResourcesBuildPhase section */
		18E4A1581E59745C006D960F /* Resources */ = {
			isa = PBXResourcesBuildPhase;
			buildActionMask = 2147483647;
			files = (
				18E4A1681E59745C006D960F /* LaunchScreen.storyboard in Resources */,
				18E4A1651E59745C006D960F /* Assets.xcassets in Resources */,
				18E4A1631E59745C006D960F /* Main.storyboard in Resources */,
			);
			runOnlyForDeploymentPostprocessing = 0;
		};
/* End PBXResourcesBuildPhase section */

/* Begin PBXSourcesBuildPhase section */
		18E4A1561E59745C006D960F /* Sources */ = {
			isa = PBXSourcesBuildPhase;
			buildActionMask = 2147483647;
			files = (
				18E4A1601E59745C006D960F /* ViewController.swift in Sources */,
				18E4A15E1E59745C006D960F /* AppDelegate.swift in Sources */,
			);
			runOnlyForDeploymentPostprocessing = 0;
		};
/* End PBXSourcesBuildPhase section */

/* Begin PBXVariantGroup section */
		18E4A1611E59745C006D960F /* Main.storyboard */ = {
			isa = PBXVariantGroup;
			children = (
				18E4A1621E59745C006D960F /* Base */,
			);
			name = Main.storyboard;
			sourceTree = "<group>";
		};
		18E4A1661E59745C006D960F /* LaunchScreen.storyboard */ = {
			isa = PBXVariantGroup;
			children = (
				18E4A1671E59745C006D960F /* Base */,
			);
			name = LaunchScreen.storyboard;
			sourceTree = "<group>";
		};
/* End PBXVariantGroup section */

/* Begin XCBuildConfiguration section */
		18E4A16A1E59745C006D960F /* Debug */ = {
			isa = XCBuildConfiguration;
			buildSettings = {
				ALWAYS_SEARCH_USER_PATHS = NO;
				CLANG_ANALYZER_NONNULL = YES;
				CLANG_CXX_LANGUAGE_STANDARD = "gnu++0x";
				CLANG_CXX_LIBRARY = "libc++";
				CLANG_ENABLE_MODULES = YES;
				CLANG_ENABLE_OBJC_ARC = YES;
				CLANG_WARN_BOOL_CONVERSION = YES;
				CLANG_WARN_CONSTANT_CONVERSION = YES;
				CLANG_WARN_DIRECT_OBJC_ISA_USAGE = YES_ERROR;
				CLANG_WARN_DOCUMENTATION_COMMENTS = YES;
				CLANG_WARN_EMPTY_BODY = YES;
				CLANG_WARN_ENUM_CONVERSION = YES;
				CLANG_WARN_INFINITE_RECURSION = YES;
				CLANG_WARN_INT_CONVERSION = YES;
				CLANG_WARN_OBJC_ROOT_CLASS = YES_ERROR;
				CLANG_WARN_SUSPICIOUS_MOVE = YES;
				CLANG_WARN_UNREACHABLE_CODE = YES;
				CLANG_WARN__DUPLICATE_METHOD_MATCH = YES;
				"CODE_SIGN_IDENTITY[sdk=iphoneos*]" = "iPhone Developer";
				COPY_PHASE_STRIP = NO;
				DEBUG_INFORMATION_FORMAT = dwarf;
				ENABLE_STRICT_OBJC_MSGSEND = YES;
				ENABLE_TESTABILITY = YES;
				GCC_C_LANGUAGE_STANDARD = gnu99;
				GCC_DYNAMIC_NO_PIC = NO;
				GCC_NO_COMMON_BLOCKS = YES;
				GCC_OPTIMIZATION_LEVEL = 0;
				GCC_PREPROCESSOR_DEFINITIONS = (
					"DEBUG=1",
					"$(inherited)",
				);
				GCC_WARN_64_TO_32_BIT_CONVERSION = YES;
				GCC_WARN_ABOUT_RETURN_TYPE = YES_ERROR;
				GCC_WARN_UNDECLARED_SELECTOR = YES;
				GCC_WARN_UNINITIALIZED_AUTOS = YES_AGGRESSIVE;
				GCC_WARN_UNUSED_FUNCTION = YES;
				GCC_WARN_UNUSED_VARIABLE = YES;
				IPHONEOS_DEPLOYMENT_TARGET = 10.2;
				MTL_ENABLE_DEBUG_INFO = YES;
				ONLY_ACTIVE_ARCH = YES;
				SDKROOT = iphoneos;
				SWIFT_ACTIVE_COMPILATION_CONDITIONS = DEBUG;
				SWIFT_OPTIMIZATION_LEVEL = "-Onone";
				TARGETED_DEVICE_FAMILY = "1,2";
			};
			name = Debug;
		};
		18E4A16B1E59745C006D960F /* Release */ = {
			isa = XCBuildConfiguration;
			buildSettings = {
				ALWAYS_SEARCH_USER_PATHS = NO;
				CLANG_ANALYZER_NONNULL = YES;
				CLANG_CXX_LANGUAGE_STANDARD = "gnu++0x";
				CLANG_CXX_LIBRARY = "libc++";
				CLANG_ENABLE_MODULES = YES;
				CLANG_ENABLE_OBJC_ARC = YES;
				CLANG_WARN_BOOL_CONVERSION = YES;
				CLANG_WARN_CONSTANT_CONVERSION = YES;
				CLANG_WARN_DIRECT_OBJC_ISA_USAGE = YES_ERROR;
				CLANG_WARN_DOCUMENTATION_COMMENTS = YES;
				CLANG_WARN_EMPTY_BODY = YES;
				CLANG_WARN_ENUM_CONVERSION = YES;
				CLANG_WARN_INFINITE_RECURSION = YES;
				CLANG_WARN_INT_CONVERSION = YES;
				CLANG_WARN_OBJC_ROOT_CLASS = YES_ERROR;
				CLANG_WARN_SUSPICIOUS_MOVE = YES;
				CLANG_WARN_UNREACHABLE_CODE = YES;
				CLANG_WARN__DUPLICATE_METHOD_MATCH = YES;
				"CODE_SIGN_IDENTITY[sdk=iphoneos*]" = "iPhone Developer";
				COPY_PHASE_STRIP = NO;
				DEBUG_INFORMATION_FORMAT = "dwarf-with-dsym";
				ENABLE_NS_ASSERTIONS = NO;
				ENABLE_STRICT_OBJC_MSGSEND = YES;
				GCC_C_LANGUAGE_STANDARD = gnu99;
				GCC_NO_COMMON_BLOCKS = YES;
				GCC_WARN_64_TO_32_BIT_CONVERSION = YES;
				GCC_WARN_ABOUT_RETURN_TYPE = YES_ERROR;
				GCC_WARN_UNDECLARED_SELECTOR = YES;
				GCC_WARN_UNINITIALIZED_AUTOS = YES_AGGRESSIVE;
				GCC_WARN_UNUSED_FUNCTION = YES;
				GCC_WARN_UNUSED_VARIABLE = YES;
				IPHONEOS_DEPLOYMENT_TARGET = 10.2;
				MTL_ENABLE_DEBUG_INFO = NO;
				SDKROOT = iphoneos;
				SWIFT_OPTIMIZATION_LEVEL = "-Owholemodule";
				TARGETED_DEVICE_FAMILY = "1,2";
				VALIDATE_PRODUCT = YES;
			};
			name = Release;
		};
		18E4A16D1E59745C006D960F /* Debug */ = {
			isa = XCBuildConfiguration;
			buildSettings = {
				ASSETCATALOG_COMPILER_APPICON_NAME = AppIcon;
				INFOPLIST_FILE = MySearchApp/Info.plist;
				LD_RUNPATH_SEARCH_PATHS = "$(inherited) @executable_path/Frameworks";
				PRODUCT_BUNDLE_IDENTIFIER = jp.shitakemura.MySearchApp;
				PRODUCT_NAME = "$(TARGET_NAME)";
				SWIFT_VERSION = 3.0;
			};
			name = Debug;
		};
		18E4A16E1E59745C006D960F /* Release */ = {
			isa = XCBuildConfiguration;
			buildSettings = {
				ASSETCATALOG_COMPILER_APPICON_NAME = AppIcon;
				INFOPLIST_FILE = MySearchApp/Info.plist;
				LD_RUNPATH_SEARCH_PATHS = "$(inherited) @executable_path/Frameworks";
				PRODUCT_BUNDLE_IDENTIFIER = jp.shitakemura.MySearchApp;
				PRODUCT_NAME = "$(TARGET_NAME)";
				SWIFT_VERSION = 3.0;
			};
			name = Release;
		};
/* End XCBuildConfiguration section */

/* Begin XCConfigurationList section */
		18E4A1551E59745C006D960F /* Build configuration list for PBXProject "MySearchApp" */ = {
			isa = XCConfigurationList;
			buildConfigurations = (
				18E4A16A1E59745C006D960F /* Debug */,
				18E4A16B1E59745C006D960F /* Release */,
			);
			defaultConfigurationIsVisible = 0;
			defaultConfigurationName = Release;
		};
		18E4A16C1E59745C006D960F /* Build configuration list for PBXNativeTarget "MySearchApp" */ = {
			isa = XCConfigurationList;
			buildConfigurations = (
				18E4A16D1E59745C006D960F /* Debug */,
				18E4A16E1E59745C006D960F /* Release */,
			);
			defaultConfigurationIsVisible = 0;
		};
/* End XCConfigurationList section */
	};
	rootObject = 18E4A1521E59745C006D960F /* Project object */;
}
